{
  "object": {
    "pins": [
      {
        "package": "swift-argument-parser",
        "repositoryURL": "https://github.com/apple/swift-argument-parser",
        "state": {
          "branch": null,
          "revision": "986d191f94cec88f6350056da59c2e59e83d1229",
          "version": "0.4.3"
        }
      },
      {
        "package": "SwiftHEXColors",
        "repositoryURL": "https://github.com/thii/SwiftHEXColors",
        "state": {
          "branch": null,
          "revision": "bf89f80ed03a7a55edf0beb6a6bcadd41a913f9d",
          "version": "1.4.0"
        }
      },
      {
        "package": "Zip",
        "repositoryURL": "https://github.com/inket/Zip",
        "state": {
          "branch": "master",
          "revision": "059e7346082d02de16220cd79df7db18ddeba8c3",
          "version": null
        }
      }
    ]
  },
  "version": 1
}
